
Microsoft Visual Studio Solution File, Format Version 12.00
# Visual Studio 15
Project("{FAE04EC0-301F-11D3-BF4B-00C04F79EFBC}") = "Assembly-CSharp", "Assembly-CSharp.csproj", "{0C9281AB-0F68-7CE7-1EFD-609624798027}"
EndProject
Project("{FAE04EC0-301F-11D3-BF4B-00C04F79EFBC}") = "Assembly-CSharp-Editor", "Assembly-CSharp-Editor.csproj", "{3561D6A9-2814-23C5-D0DB-F13503BC2AED}"
EndProject
Global
	GlobalSection(SolutionConfigurationPlatforms) = preSolution
		Debug|Any CPU = Debug|Any CPU
		Release|Any CPU = Release|Any CPU
	EndGlobalSection
	GlobalSection(ProjectConfigurationPlatforms) = postSolution
		{0C9281AB-0F68-7CE7-1EFD-609624798027}.Debug|Any CPU.ActiveCfg = Debug|Any CPU
		{0C9281AB-0F68-7CE7-1EFD-609624798027}.Debug|Any CPU.Build.0 = Debug|Any CPU
		{0C9281AB-0F68-7CE7-1EFD-609624798027}.Release|Any CPU.ActiveCfg = Release|Any CPU
		{0C9281AB-0F68-7CE7-1EFD-609624798027}.Release|Any CPU.Build.0 = Release|Any CPU
		{3561D6A9-2814-23C5-D0DB-F13503BC2AED}.Debug|Any CPU.ActiveCfg = Debug|Any CPU
		{3561D6A9-2814-23C5-D0DB-F13503BC2AED}.Debug|Any CPU.Build.0 = Debug|Any CPU
		{3561D6A9-2814-23C5-D0DB-F13503BC2AED}.Release|Any CPU.ActiveCfg = Release|Any CPU
		{3561D6A9-2814-23C5-D0DB-F13503BC2AED}.Release|Any CPU.Build.0 = Release|Any CPU
	EndGlobalSection
	GlobalSection(SolutionProperties) = preSolution
		HideSolutionNode = FALSE
	EndGlobalSection
EndGlobal
